
Microsoft Visual Studio Solution File, Format Version 12.00
# Visual Studio Version 16
VisualStudioVersion = 16.0.30406.217
MinimumVisualStudioVersion = 10.0.40219.1
Project("{8BC9CEB8-8B4A-11D0-8D11-00A0C91BC942}") = "Hook", "Hook\Hook.vcxproj", "{01107D69-2D5D-4904-9966-D334F20B86F3}"
EndProject
Project("{8BC9CEB8-8B4A-11D0-8D11-00A0C91BC942}") = "App", "App\App.vcxproj", "{E46679A1-4057-45E8-96BD-D2FF02BCD39A}"
EndProject
Project("{FAE04EC0-301F-11D3-BF4B-00C04F79EFBC}") = "Logger", "Logger\Logger.csproj", "{C8EFDEAF-FACA-404B-B8A3-EBDEB6729AE1}"
EndProject
Global
	GlobalSection(SolutionConfigurationPlatforms) = preSolution
		Debug|Any CPU = Debug|Any CPU
		Debug|x64 = Debug|x64
		Debug|x86 = Debug|x86
		Release|Any CPU = Release|Any CPU
		Release|x64 = Release|x64
		Release|x86 = Release|x86
	EndGlobalSection
	GlobalSection(ProjectConfigurationPlatforms) = postSolution
		{01107D69-2D5D-4904-9966-D334F20B86F3}.Debug|Any CPU.ActiveCfg = Debug|Win32
		{01107D69-2D5D-4904-9966-D334F20B86F3}.Debug|x64.ActiveCfg = Debug|x64
		{01107D69-2D5D-4904-9966-D334F20B86F3}.Debug|x64.Build.0 = Debug|x64
		{01107D69-2D5D-4904-9966-D334F20B86F3}.Debug|x86.ActiveCfg = Debug|Win32
		{01107D69-2D5D-4904-9966-D334F20B86F3}.Debug|x86.Build.0 = Debug|Win32
		{01107D69-2D5D-4904-9966-D334F20B86F3}.Release|Any CPU.ActiveCfg = Release|Win32
		{01107D69-2D5D-4904-9966-D334F20B86F3}.Release|x64.ActiveCfg = Release|x64
		{01107D69-2D5D-4904-9966-D334F20B86F3}.Release|x64.Build.0 = Release|x64
		{01107D69-2D5D-4904-9966-D334F20B86F3}.Release|x86.ActiveCfg = Release|Win32
		{01107D69-2D5D-4904-9966-D334F20B86F3}.Release|x86.Build.0 = Release|Win32
		{E46679A1-4057-45E8-96BD-D2FF02BCD39A}.Debug|Any CPU.ActiveCfg = Debug|Win32
		{E46679A1-4057-45E8-96BD-D2FF02BCD39A}.Debug|x64.ActiveCfg = Debug|x64
		{E46679A1-4057-45E8-96BD-D2FF02BCD39A}.Debug|x64.Build.0 = Debug|x64
		{E46679A1-4057-45E8-96BD-D2FF02BCD39A}.Debug|x86.ActiveCfg = Debug|Win32
		{E46679A1-4057-45E8-96BD-D2FF02BCD39A}.Debug|x86.Build.0 = Debug|Win32
		{E46679A1-4057-45E8-96BD-D2FF02BCD39A}.Release|Any CPU.ActiveCfg = Release|Win32
		{E46679A1-4057-45E8-96BD-D2FF02BCD39A}.Release|x64.ActiveCfg = Release|x64
		{E46679A1-4057-45E8-96BD-D2FF02BCD39A}.Release|x64.Build.0 = Release|x64
		{E46679A1-4057-45E8-96BD-D2FF02BCD39A}.Release|x86.ActiveCfg = Release|Win32
		{E46679A1-4057-45E8-96BD-D2FF02BCD39A}.Release|x86.Build.0 = Release|Win32
		{C8EFDEAF-FACA-404B-B8A3-EBDEB6729AE1}.Debug|Any CPU.ActiveCfg = Debug|Any CPU
		{C8EFDEAF-FACA-404B-B8A3-EBDEB6729AE1}.Debug|Any CPU.Build.0 = Debug|Any CPU
		{C8EFDEAF-FACA-404B-B8A3-EBDEB6729AE1}.Debug|x64.ActiveCfg = Debug|Any CPU
		{C8EFDEAF-FACA-404B-B8A3-EBDEB6729AE1}.Debug|x64.Build.0 = Debug|Any CPU
		{C8EFDEAF-FACA-404B-B8A3-EBDEB6729AE1}.Debug|x86.ActiveCfg = Debug|Any CPU
		{C8EFDEAF-FACA-404B-B8A3-EBDEB6729AE1}.Debug|x86.Build.0 = Debug|Any CPU
		{C8EFDEAF-FACA-404B-B8A3-EBDEB6729AE1}.Release|Any CPU.ActiveCfg = Release|Any CPU
		{C8EFDEAF-FACA-404B-B8A3-EBDEB6729AE1}.Release|Any CPU.Build.0 = Release|Any CPU
		{C8EFDEAF-FACA-404B-B8A3-EBDEB6729AE1}.Release|x64.ActiveCfg = Release|Any CPU
		{C8EFDEAF-FACA-404B-B8A3-EBDEB6729AE1}.Release|x64.Build.0 = Release|Any CPU
		{C8EFDEAF-FACA-404B-B8A3-EBDEB6729AE1}.Release|x86.ActiveCfg = Release|Any CPU
		{C8EFDEAF-FACA-404B-B8A3-EBDEB6729AE1}.Release|x86.Build.0 = Release|Any CPU
	EndGlobalSection
	GlobalSection(SolutionProperties) = preSolution
		HideSolutionNode = FALSE
	EndGlobalSection
	GlobalSection(ExtensibilityGlobals) = postSolution
		SolutionGuid = {77ACB528-7252-4FDC-97AF-520D7AC65CAA}
	EndGlobalSection
EndGlobal
